// !$*UTF8*$!
{
	archiveVersion = 1;
	classes = {
	};
	objectVersion = 56;
	objects = {

/* Begin PBXBuildFile section */
		643FAA232A9CFA1500786562 /* WhiteboxApp.swift in Sources */ = {isa = PBXBuildFile; fileRef = 643FAA222A9CFA1500786562 /* WhiteboxApp.swift */; };
		643FAA252A9CFA1500786562 /* ContentView.swift in Sources */ = {isa = PBXBuildFile; fileRef = 643FAA242A9CFA1500786562 /* ContentView.swift */; };
		643FAA272A9CFA1900786562 /* Assets.xcassets in Resources */ = {isa = PBXBuildFile; fileRef = 643FAA262A9CFA1900786562 /* Assets.xcassets */; };
		643FAA2A2A9CFA1900786562 /* Preview Assets.xcassets in Resources */ = {isa = PBXBuildFile; fileRef = 643FAA292A9CFA1900786562 /* Preview Assets.xcassets */; };
		643FAA2C2A9CFA1900786562 /* Persistence.swift in Sources */ = {isa = PBXBuildFile; fileRef = 643FAA2B2A9CFA1900786562 /* Persistence.swift */; };
		643FAA2F2A9CFA1900786562 /* Whitebox.xcdatamodeld in Sources */ = {isa = PBXBuildFile; fileRef = 643FAA2D2A9CFA1900786562 /* Whitebox.xcdatamodeld */; };
		643FAA392A9CFA1900786562 /* WhiteboxTests.swift in Sources */ = {isa = PBXBuildFile; fileRef = 643FAA382A9CFA1900786562 /* WhiteboxTests.swift */; };
		643FAA432A9CFA1900786562 /* WhiteboxUITests.swift in Sources */ = {isa = PBXBuildFile; fileRef = 643FAA422A9CFA1900786562 /* WhiteboxUITests.swift */; };
		643FAA452A9CFA1900786562 /* WhiteboxUITestsLaunchTests.swift in Sources */ = {isa = PBXBuildFile; fileRef = 643FAA442A9CFA1900786562 /* WhiteboxUITestsLaunchTests.swift */; };
/* End PBXBuildFile section */

/* Begin PBXContainerItemProxy section */
		643FAA352A9CFA1900786562 /* PBXContainerItemProxy */ = {
			isa = PBXContainerItemProxy;
			containerPortal = 643FAA172A9CFA1500786562 /* Project object */;
			proxyType = 1;
			remoteGlobalIDString = 643FAA1E2A9CFA1500786562;
			remoteInfo = Whitebox;
		};
		643FAA3F2A9CFA1900786562 /* PBXContainerItemProxy */ = {
			isa = PBXContainerItemProxy;
			containerPortal = 643FAA172A9CFA1500786562 /* Project object */;
			proxyType = 1;
			remoteGlobalIDString = 643FAA1E2A9CFA1500786562;
			remoteInfo = Whitebox;
		};
/* End PBXContainerItemProxy section */

/* Begin PBXFileReference section */
		643FAA1F2A9CFA1500786562 /* Whitebox.app */ = {isa = PBXFileReference; explicitFileType = wrapper.application; includeInIndex = 0; path = Whitebox.app; sourceTree = BUILT_PRODUCTS_DIR; };
		643FAA222A9CFA1500786562 /* WhiteboxApp.swift */ = {isa = PBXFileReference; lastKnownFileType = sourcecode.swift; path = WhiteboxApp.swift; sourceTree = "<group>"; };
		643FAA242A9CFA1500786562 /* ContentView.swift */ = {isa = PBXFileReference; lastKnownFileType = sourcecode.swift; path = ContentView.swift; sourceTree = "<group>"; };
		643FAA262A9CFA1900786562 /* Assets.xcassets */ = {isa = PBXFileReference; lastKnownFileType = folder.assetcatalog; path = Assets.xcassets; sourceTree = "<group>"; };
		643FAA292A9CFA1900786562 /* Preview Assets.xcassets */ = {isa = PBXFileReference; lastKnownFileType = folder.assetcatalog; path = "Preview Assets.xcassets"; sourceTree = "<group>"; };
		643FAA2B2A9CFA1900786562 /* Persistence.swift */ = {isa = PBXFileReference; lastKnownFileType = sourcecode.swift; path = Persistence.swift; sourceTree = "<group>"; };
		643FAA2E2A9CFA1900786562 /* Whitebox.xcdatamodel */ = {isa = PBXFileReference; lastKnownFileType = wrapper.xcdatamodel; path = Whitebox.xcdatamodel; sourceTree = "<group>"; };
		643FAA342A9CFA1900786562 /* WhiteboxTests.xctest */ = {isa = PBXFileReference; explicitFileType = wrapper.cfbundle; includeInIndex = 0; path = WhiteboxTests.xctest; sourceTree = BUILT_PRODUCTS_DIR; };
		643FAA382A9CFA1900786562 /* WhiteboxTests.swift */ = {isa = PBXFileReference; lastKnownFileType = sourcecode.swift; path = WhiteboxTests.swift; sourceTree = "<group>"; };
		643FAA3E2A9CFA1900786562 /* WhiteboxUITests.xctest */ = {isa = PBXFileReference; explicitFileType = wrapper.cfbundle; includeInIndex = 0; path = WhiteboxUITests.xctest; sourceTree = BUILT_PRODUCTS_DIR; };
		643FAA422A9CFA1900786562 /* WhiteboxUITests.swift */ = {isa = PBXFileReference; lastKnownFileType = sourcecode.swift; path = WhiteboxUITests.swift; sourceTree = "<group>"; };
		643FAA442A9CFA1900786562 /* WhiteboxUITestsLaunchTests.swift */ = {isa = PBXFileReference; lastKnownFileType = sourcecode.swift; path = WhiteboxUITestsLaunchTests.swift; sourceTree = "<group>"; };
/* End PBXFileReference section */

/* Begin PBXFrameworksBuildPhase section */
		643FAA1C2A9CFA1500786562 /* Frameworks */ = {
			isa = PBXFrameworksBuildPhase;
			buildActionMask = 2147483647;
			files = (
			);
			runOnlyForDeploymentPostprocessing = 0;
		};
		643FAA312A9CFA1900786562 /* Frameworks */ = {
			isa = PBXFrameworksBuildPhase;
			buildActionMask = 2147483647;
			files = (
			);
			runOnlyForDeploymentPostprocessing = 0;
		};
		643FAA3B2A9CFA1900786562 /* Frameworks */ = {
			isa = PBXFrameworksBuildPhase;
			buildActionMask = 2147483647;
			files = (
			);
			runOnlyForDeploymentPostprocessing = 0;
		};
/* End PBXFrameworksBuildPhase section */

/* Begin PBXGroup section */
		643FAA162A9CFA1500786562 = {
			isa = PBXGroup;
			children = (
				643FAA212A9CFA1500786562 /* Whitebox */,
				643FAA372A9CFA1900786562 /* WhiteboxTests */,
				643FAA412A9CFA1900786562 /* WhiteboxUITests */,
				643FAA202A9CFA1500786562 /* Products */,
			);
			sourceTree = "<group>";
		};
		643FAA202A9CFA1500786562 /* Products */ = {
			isa = PBXGroup;
			children = (
				643FAA1F2A9CFA1500786562 /* Whitebox.app */,
				643FAA342A9CFA1900786562 /* WhiteboxTests.xctest */,
				643FAA3E2A9CFA1900786562 /* WhiteboxUITests.xctest */,
			);
			name = Products;
			sourceTree = "<group>";
		};
		643FAA212A9CFA1500786562 /* Whitebox */ = {
			isa = PBXGroup;
			children = (
				643FAA222A9CFA1500786562 /* WhiteboxApp.swift */,
				643FAA242A9CFA1500786562 /* ContentView.swift */,
				643FAA262A9CFA1900786562 /* Assets.xcassets */,
				643FAA2B2A9CFA1900786562 /* Persistence.swift */,
				643FAA2D2A9CFA1900786562 /* Whitebox.xcdatamodeld */,
				643FAA282A9CFA1900786562 /* Preview Content */,
			);
			path = Whitebox;
			sourceTree = "<group>";
		};
		643FAA282A9CFA1900786562 /* Preview Content */ = {
			isa = PBXGroup;
			children = (
				643FAA292A9CFA1900786562 /* Preview Assets.xcassets */,
			);
			path = "Preview Content";
			sourceTree = "<group>";
		};
		643FAA372A9CFA1900786562 /* WhiteboxTests */ = {
			isa = PBXGroup;
			children = (
				643FAA382A9CFA1900786562 /* WhiteboxTests.swift */,
			);
			path = WhiteboxTests;
			sourceTree = "<group>";
		};
		643FAA412A9CFA1900786562 /* WhiteboxUITests */ = {
			isa = PBXGroup;
			children = (
				643FAA422A9CFA1900786562 /* WhiteboxUITests.swift */,
				643FAA442A9CFA1900786562 /* WhiteboxUITestsLaunchTests.swift */,
			);
			path = WhiteboxUITests;
			sourceTree = "<group>";
		};
/* End PBXGroup section */

/* Begin PBXNativeTarget section */
		643FAA1E2A9CFA1500786562 /* Whitebox */ = {
			isa = PBXNativeTarget;
			buildConfigurationList = 643FAA482A9CFA1900786562 /* Build configuration list for PBXNativeTarget "Whitebox" */;
			buildPhases = (
				643FAA1B2A9CFA1500786562 /* Sources */,
				643FAA1C2A9CFA1500786562 /* Frameworks */,
				643FAA1D2A9CFA1500786562 /* Resources */,
			);
			buildRules = (
			);
			dependencies = (
			);
			name = Whitebox;
			productName = Whitebox;
			productReference = 643FAA1F2A9CFA1500786562 /* Whitebox.app */;
			productType = "com.apple.product-type.application";
		};
		643FAA332A9CFA1900786562 /* WhiteboxTests */ = {
			isa = PBXNativeTarget;
			buildConfigurationList = 643FAA4B2A9CFA1900786562 /* Build configuration list for PBXNativeTarget "WhiteboxTests" */;
			buildPhases = (
				643FAA302A9CFA1900786562 /* Sources */,
				643FAA312A9CFA1900786562 /* Frameworks */,
				643FAA322A9CFA1900786562 /* Resources */,
			);
			buildRules = (
			);
			dependencies = (
				643FAA362A9CFA1900786562 /* PBXTargetDependency */,
			);
			name = WhiteboxTests;
			productName = WhiteboxTests;
			productReference = 643FAA342A9CFA1900786562 /* WhiteboxTests.xctest */;
			productType = "com.apple.product-type.bundle.unit-test";
		};
		643FAA3D2A9CFA1900786562 /* WhiteboxUITests */ = {
			isa = PBXNativeTarget;
			buildConfigurationList = 643FAA4E2A9CFA1900786562 /* Build configuration list for PBXNativeTarget "WhiteboxUITests" */;
			buildPhases = (
				643FAA3A2A9CFA1900786562 /* Sources */,
				643FAA3B2A9CFA1900786562 /* Frameworks */,
				643FAA3C2A9CFA1900786562 /* Resources */,
			);
			buildRules = (
			);
			dependencies = (
				643FAA402A9CFA1900786562 /* PBXTargetDependency */,
			);
			name = WhiteboxUITests;
			productName = WhiteboxUITests;
			productReference = 643FAA3E2A9CFA1900786562 /* WhiteboxUITests.xctest */;
			productType = "com.apple.product-type.bundle.ui-testing";
		};
/* End PBXNativeTarget section */

/* Begin PBXProject section */
		643FAA172A9CFA1500786562 /* Project object */ = {
			isa = PBXProject;
			attributes = {
				BuildIndependentTargetsInParallel = 1;
				LastSwiftUpdateCheck = 1420;
				LastUpgradeCheck = 1420;
				TargetAttributes = {
					643FAA1E2A9CFA1500786562 = {
						CreatedOnToolsVersion = 14.2;
					};
					643FAA332A9CFA1900786562 = {
						CreatedOnToolsVersion = 14.2;
						TestTargetID = 643FAA1E2A9CFA1500786562;
					};
					643FAA3D2A9CFA1900786562 = {
						CreatedOnToolsVersion = 14.2;
						TestTargetID = 643FAA1E2A9CFA1500786562;
					};
				};
			};
			buildConfigurationList = 643FAA1A2A9CFA1500786562 /* Build configuration list for PBXProject "Whitebox" */;
			compatibilityVersion = "Xcode 14.0";
			developmentRegion = en;
			hasScannedForEncodings = 0;
			knownRegions = (
				en,
				Base,
			);
			mainGroup = 643FAA162A9CFA1500786562;
			productRefGroup = 643FAA202A9CFA1500786562 /* Products */;
			projectDirPath = "";
			projectRoot = "";
			targets = (
				643FAA1E2A9CFA1500786562 /* Whitebox */,
				643FAA332A9CFA1900786562 /* WhiteboxTests */,
				643FAA3D2A9CFA1900786562 /* WhiteboxUITests */,
			);
		};
/* End PBXProject section */

/* Begin PBXResourcesBuildPhase section */
		643FAA1D2A9CFA1500786562 /* Resources */ = {
			isa = PBXResourcesBuildPhase;
			buildActionMask = 2147483647;
			files = (
				643FAA2A2A9CFA1900786562 /* Preview Assets.xcassets in Resources */,
				643FAA272A9CFA1900786562 /* Assets.xcassets in Resources */,
			);
			runOnlyForDeploymentPostprocessing = 0;
		};
		643FAA322A9CFA1900786562 /* Resources */ = {
			isa = PBXResourcesBuildPhase;
			buildActionMask = 2147483647;
			files = (
			);
			runOnlyForDeploymentPostprocessing = 0;
		};
		643FAA3C2A9CFA1900786562 /* Resources */ = {
			isa = PBXResourcesBuildPhase;
			buildActionMask = 2147483647;
			files = (
			);
			runOnlyForDeploymentPostprocessing = 0;
		};
/* End PBXResourcesBuildPhase section */

/* Begin PBXSourcesBuildPhase section */
		643FAA1B2A9CFA1500786562 /* Sources */ = {
			isa = PBXSourcesBuildPhase;
			buildActionMask = 2147483647;
			files = (
				643FAA2C2A9CFA1900786562 /* Persistence.swift in Sources */,
				643FAA252A9CFA1500786562 /* ContentView.swift in Sources */,
				643FAA232A9CFA1500786562 /* WhiteboxApp.swift in Sources */,
				643FAA2F2A9CFA1900786562 /* Whitebox.xcdatamodeld in Sources */,
			);
			runOnlyForDeploymentPostprocessing = 0;
		};
		643FAA302A9CFA1900786562 /* Sources */ = {
			isa = PBXSourcesBuildPhase;
			buildActionMask = 2147483647;
			files = (
				643FAA392A9CFA1900786562 /* WhiteboxTests.swift in Sources */,
			);
			runOnlyForDeploymentPostprocessing = 0;
		};
		643FAA3A2A9CFA1900786562 /* Sources */ = {
			isa = PBXSourcesBuildPhase;
			buildActionMask = 2147483647;
			files = (
				643FAA452A9CFA1900786562 /* WhiteboxUITestsLaunchTests.swift in Sources */,
				643FAA432A9CFA1900786562 /* WhiteboxUITests.swift in Sources */,
			);
			runOnlyForDeploymentPostprocessing = 0;
		};
/* End PBXSourcesBuildPhase section */

/* Begin PBXTargetDependency section */
		643FAA362A9CFA1900786562 /* PBXTargetDependency */ = {
			isa = PBXTargetDependency;
			target = 643FAA1E2A9CFA1500786562 /* Whitebox */;
			targetProxy = 643FAA352A9CFA1900786562 /* PBXContainerItemProxy */;
		};
		643FAA402A9CFA1900786562 /* PBXTargetDependency */ = {
			isa = PBXTargetDependency;
			target = 643FAA1E2A9CFA1500786562 /* Whitebox */;
			targetProxy = 643FAA3F2A9CFA1900786562 /* PBXContainerItemProxy */;
		};
/* End PBXTargetDependency section */

/* Begin XCBuildConfiguration section */
		643FAA462A9CFA1900786562 /* Debug */ = {
			isa = XCBuildConfiguration;
			buildSettings = {
				ALWAYS_SEARCH_USER_PATHS = NO;
				CLANG_ANALYZER_NONNULL = YES;
				CLANG_ANALYZER_NUMBER_OBJECT_CONVERSION = YES_AGGRESSIVE;
				CLANG_CXX_LANGUAGE_STANDARD = "gnu++20";
				CLANG_ENABLE_MODULES = YES;
				CLANG_ENABLE_OBJC_ARC = YES;
				CLANG_ENABLE_OBJC_WEAK = YES;
				CLANG_WARN_BLOCK_CAPTURE_AUTORELEASING = YES;
				CLANG_WARN_BOOL_CONVERSION = YES;
				CLANG_WARN_COMMA = YES;
				CLANG_WARN_CONSTANT_CONVERSION = YES;
				CLANG_WARN_DEPRECATED_OBJC_IMPLEMENTATIONS = YES;
				CLANG_WARN_DIRECT_OBJC_ISA_USAGE = YES_ERROR;
				CLANG_WARN_DOCUMENTATION_COMMENTS = YES;
				CLANG_WARN_EMPTY_BODY = YES;
				CLANG_WARN_ENUM_CONVERSION = YES;
				CLANG_WARN_INFINITE_RECURSION = YES;
				CLANG_WARN_INT_CONVERSION = YES;
				CLANG_WARN_NON_LITERAL_NULL_CONVERSION = YES;
				CLANG_WARN_OBJC_IMPLICIT_RETAIN_SELF = YES;
				CLANG_WARN_OBJC_LITERAL_CONVERSION = YES;
				CLANG_WARN_OBJC_ROOT_CLASS = YES_ERROR;
				CLANG_WARN_QUOTED_INCLUDE_IN_FRAMEWORK_HEADER = YES;
				CLANG_WARN_RANGE_LOOP_ANALYSIS = YES;
				CLANG_WARN_STRICT_PROTOTYPES = YES;
				CLANG_WARN_SUSPICIOUS_MOVE = YES;
				CLANG_WARN_UNGUARDED_AVAILABILITY = YES_AGGRESSIVE;
				CLANG_WARN_UNREACHABLE_CODE = YES;
				CLANG_WARN__DUPLICATE_METHOD_MATCH = YES;
				COPY_PHASE_STRIP = NO;
				DEBUG_INFORMATION_FORMAT = dwarf;
				ENABLE_STRICT_OBJC_MSGSEND = YES;
				ENABLE_TESTABILITY = YES;
				GCC_C_LANGUAGE_STANDARD = gnu11;
				GCC_DYNAMIC_NO_PIC = NO;
				GCC_NO_COMMON_BLOCKS = YES;
				GCC_OPTIMIZATION_LEVEL = 0;
				GCC_PREPROCESSOR_DEFINITIONS = (
					"DEBUG=1",
					"$(inherited)",
				);
				GCC_WARN_64_TO_32_BIT_CONVERSION = YES;
				GCC_WARN_ABOUT_RETURN_TYPE = YES_ERROR;
				GCC_WARN_UNDECLARED_SELECTOR = YES;
				GCC_WARN_UNINITIALIZED_AUTOS = YES_AGGRESSIVE;
				GCC_WARN_UNUSED_FUNCTION = YES;
				GCC_WARN_UNUSED_VARIABLE = YES;
				IPHONEOS_DEPLOYMENT_TARGET = 16.2;
				MTL_ENABLE_DEBUG_INFO = INCLUDE_SOURCE;
				MTL_FAST_MATH = YES;
				ONLY_ACTIVE_ARCH = YES;
				SDKROOT = iphoneos;
				SWIFT_ACTIVE_COMPILATION_CONDITIONS = DEBUG;
				SWIFT_OPTIMIZATION_LEVEL = "-Onone";
			};
			name = Debug;
		};
		643FAA472A9CFA1900786562 /* Release */ = {
			isa = XCBuildConfiguration;
			buildSettings = {
				ALWAYS_SEARCH_USER_PATHS = NO;
				CLANG_ANALYZER_NONNULL = YES;
				CLANG_ANALYZER_NUMBER_OBJECT_CONVERSION = YES_AGGRESSIVE;
				CLANG_CXX_LANGUAGE_STANDARD = "gnu++20";
				CLANG_ENABLE_MODULES = YES;
				CLANG_ENABLE_OBJC_ARC = YES;
				CLANG_ENABLE_OBJC_WEAK = YES;
				CLANG_WARN_BLOCK_CAPTURE_AUTORELEASING = YES;
				CLANG_WARN_BOOL_CONVERSION = YES;
				CLANG_WARN_COMMA = YES;
				CLANG_WARN_CONSTANT_CONVERSION = YES;
				CLANG_WARN_DEPRECATED_OBJC_IMPLEMENTATIONS = YES;
				CLANG_WARN_DIRECT_OBJC_ISA_USAGE = YES_ERROR;
				CLANG_WARN_DOCUMENTATION_COMMENTS = YES;
				CLANG_WARN_EMPTY_BODY = YES;
				CLANG_WARN_ENUM_CONVERSION = YES;
				CLANG_WARN_INFINITE_RECURSION = YES;
				CLANG_WARN_INT_CONVERSION = YES;
				CLANG_WARN_NON_LITERAL_NULL_CONVERSION = YES;
				CLANG_WARN_OBJC_IMPLICIT_RETAIN_SELF = YES;
				CLANG_WARN_OBJC_LITERAL_CONVERSION = YES;
				CLANG_WARN_OBJC_ROOT_CLASS = YES_ERROR;
				CLANG_WARN_QUOTED_INCLUDE_IN_FRAMEWORK_HEADER = YES;
				CLANG_WARN_RANGE_LOOP_ANALYSIS = YES;
				CLANG_WARN_STRICT_PROTOTYPES = YES;
				CLANG_WARN_SUSPICIOUS_MOVE = YES;
				CLANG_WARN_UNGUARDED_AVAILABILITY = YES_AGGRESSIVE;
				CLANG_WARN_UNREACHABLE_CODE = YES;
				CLANG_WARN__DUPLICATE_METHOD_MATCH = YES;
				COPY_PHASE_STRIP = NO;
				DEBUG_INFORMATION_FORMAT = "dwarf-with-dsym";
				ENABLE_NS_ASSERTIONS = NO;
				ENABLE_STRICT_OBJC_MSGSEND = YES;
				GCC_C_LANGUAGE_STANDARD = gnu11;
				GCC_NO_COMMON_BLOCKS = YES;
				GCC_WARN_64_TO_32_BIT_CONVERSION = YES;
				GCC_WARN_ABOUT_RETURN_TYPE = YES_ERROR;
				GCC_WARN_UNDECLARED_SELECTOR = YES;
				GCC_WARN_UNINITIALIZED_AUTOS = YES_AGGRESSIVE;
				GCC_WARN_UNUSED_FUNCTION = YES;
				GCC_WARN_UNUSED_VARIABLE = YES;
				IPHONEOS_DEPLOYMENT_TARGET = 16.2;
				MTL_ENABLE_DEBUG_INFO = NO;
				MTL_FAST_MATH = YES;
				SDKROOT = iphoneos;
				SWIFT_COMPILATION_MODE = wholemodule;
				SWIFT_OPTIMIZATION_LEVEL = "-O";
				VALIDATE_PRODUCT = YES;
			};
			name = Release;
		};
		643FAA492A9CFA1900786562 /* Debug */ = {
			isa = XCBuildConfiguration;
			buildSettings = {
				ASSETCATALOG_COMPILER_APPICON_NAME = AppIcon;
				ASSETCATALOG_COMPILER_GLOBAL_ACCENT_COLOR_NAME = AccentColor;
				CODE_SIGN_STYLE = Automatic;
				CURRENT_PROJECT_VERSION = 1;
				DEVELOPMENT_ASSET_PATHS = "\"Whitebox/Preview Content\"";
				DEVELOPMENT_TEAM = 5W989PLUXN;
				ENABLE_PREVIEWS = YES;
				GENERATE_INFOPLIST_FILE = YES;
				INFOPLIST_KEY_UIApplicationSceneManifest_Generation = YES;
				INFOPLIST_KEY_UIApplicationSupportsIndirectInputEvents = YES;
				INFOPLIST_KEY_UILaunchScreen_Generation = YES;
				INFOPLIST_KEY_UISupportedInterfaceOrientations_iPad = "UIInterfaceOrientationPortrait UIInterfaceOrientationPortraitUpsideDown UIInterfaceOrientationLandscapeLeft UIInterfaceOrientationLandscapeRight";
				INFOPLIST_KEY_UISupportedInterfaceOrientations_iPhone = "UIInterfaceOrientationPortrait UIInterfaceOrientationLandscapeLeft UIInterfaceOrientationLandscapeRight";
				LD_RUNPATH_SEARCH_PATHS = (
					"$(inherited)",
					"@executable_path/Frameworks",
				);
				MARKETING_VERSION = 1.0;
				PRODUCT_BUNDLE_IDENTIFIER = com.tunde.ios.Whitebox;
				PRODUCT_NAME = "$(TARGET_NAME)";
				SWIFT_EMIT_LOC_STRINGS = YES;
				SWIFT_VERSION = 5.0;
				TARGETED_DEVICE_FAMILY = "1,2";
			};
			name = Debug;
		};
		643FAA4A2A9CFA1900786562 /* Release */ = {
			isa = XCBuildConfiguration;
			buildSettings = {
				ASSETCATALOG_COMPILER_APPICON_NAME = AppIcon;
				ASSETCATALOG_COMPILER_GLOBAL_ACCENT_COLOR_NAME = AccentColor;
				CODE_SIGN_STYLE = Automatic;
				CURRENT_PROJECT_VERSION = 1;
				DEVELOPMENT_ASSET_PATHS = "\"Whitebox/Preview Content\"";
				DEVELOPMENT_TEAM = 5W989PLUXN;
				ENABLE_PREVIEWS = YES;
				GENERATE_INFOPLIST_FILE = YES;
				INFOPLIST_KEY_UIApplicationSceneManifest_Generation = YES;
				INFOPLIST_KEY_UIApplicationSupportsIndirectInputEvents = YES;
				INFOPLIST_KEY_UILaunchScreen_Generation = YES;
				INFOPLIST_KEY_UISupportedInterfaceOrientations_iPad = "UIInterfaceOrientationPortrait UIInterfaceOrientationPortraitUpsideDown UIInterfaceOrientationLandscapeLeft UIInterfaceOrientationLandscapeRight";
				INFOPLIST_KEY_UISupportedInterfaceOrientations_iPhone = "UIInterfaceOrientationPortrait UIInterfaceOrientationLandscapeLeft UIInterfaceOrientationLandscapeRight";
				LD_RUNPATH_SEARCH_PATHS = (
					"$(inherited)",
					"@executable_path/Frameworks",
				);
				MARKETING_VERSION = 1.0;
				PRODUCT_BUNDLE_IDENTIFIER = com.tunde.ios.Whitebox;
				PRODUCT_NAME = "$(TARGET_NAME)";
				SWIFT_EMIT_LOC_STRINGS = YES;
				SWIFT_VERSION = 5.0;
				TARGETED_DEVICE_FAMILY = "1,2";
			};
			name = Release;
		};
		643FAA4C2A9CFA1900786562 /* Debug */ = {
			isa = XCBuildConfiguration;
			buildSettings = {
				ALWAYS_EMBED_SWIFT_STANDARD_LIBRARIES = YES;
				BUNDLE_LOADER = "$(TEST_HOST)";
				CODE_SIGN_STYLE = Automatic;
				CURRENT_PROJECT_VERSION = 1;
				DEVELOPMENT_TEAM = 5W989PLUXN;
				GENERATE_INFOPLIST_FILE = YES;
				IPHONEOS_DEPLOYMENT_TARGET = 16.2;
				MARKETING_VERSION = 1.0;
				PRODUCT_BUNDLE_IDENTIFIER = com.tunde.ios.WhiteboxTests;
				PRODUCT_NAME = "$(TARGET_NAME)";
				SWIFT_EMIT_LOC_STRINGS = NO;
				SWIFT_VERSION = 5.0;
				TARGETED_DEVICE_FAMILY = "1,2";
				TEST_HOST = "$(BUILT_PRODUCTS_DIR)/Whitebox.app/$(BUNDLE_EXECUTABLE_FOLDER_PATH)/Whitebox";
			};
			name = Debug;
		};
		643FAA4D2A9CFA1900786562 /* Release */ = {
			isa = XCBuildConfiguration;
			buildSettings = {
				ALWAYS_EMBED_SWIFT_STANDARD_LIBRARIES = YES;
				BUNDLE_LOADER = "$(TEST_HOST)";
				CODE_SIGN_STYLE = Automatic;
				CURRENT_PROJECT_VERSION = 1;
				DEVELOPMENT_TEAM = 5W989PLUXN;
				GENERATE_INFOPLIST_FILE = YES;
				IPHONEOS_DEPLOYMENT_TARGET = 16.2;
				MARKETING_VERSION = 1.0;
				PRODUCT_BUNDLE_IDENTIFIER = com.tunde.ios.WhiteboxTests;
				PRODUCT_NAME = "$(TARGET_NAME)";
				SWIFT_EMIT_LOC_STRINGS = NO;
				SWIFT_VERSION = 5.0;
				TARGETED_DEVICE_FAMILY = "1,2";
				TEST_HOST = "$(BUILT_PRODUCTS_DIR)/Whitebox.app/$(BUNDLE_EXECUTABLE_FOLDER_PATH)/Whitebox";
			};
			name = Release;
		};
		643FAA4F2A9CFA1900786562 /* Debug */ = {
			isa = XCBuildConfiguration;
			buildSettings = {
				ALWAYS_EMBED_SWIFT_STANDARD_LIBRARIES = YES;
				CODE_SIGN_STYLE = Automatic;
				CURRENT_PROJECT_VERSION = 1;
				DEVELOPMENT_TEAM = 5W989PLUXN;
				GENERATE_INFOPLIST_FILE = YES;
				MARKETING_VERSION = 1.0;
				PRODUCT_BUNDLE_IDENTIFIER = com.tunde.ios.WhiteboxUITests;
				PRODUCT_NAME = "$(TARGET_NAME)";
				SWIFT_EMIT_LOC_STRINGS = NO;
				SWIFT_VERSION = 5.0;
				TARGETED_DEVICE_FAMILY = "1,2";
				TEST_TARGET_NAME = Whitebox;
			};
			name = Debug;
		};
		643FAA502A9CFA1900786562 /* Release */ = {
			isa = XCBuildConfiguration;
			buildSettings = {
				ALWAYS_EMBED_SWIFT_STANDARD_LIBRARIES = YES;
				CODE_SIGN_STYLE = Automatic;
				CURRENT_PROJECT_VERSION = 1;
				DEVELOPMENT_TEAM = 5W989PLUXN;
				GENERATE_INFOPLIST_FILE = YES;
				MARKETING_VERSION = 1.0;
				PRODUCT_BUNDLE_IDENTIFIER = com.tunde.ios.WhiteboxUITests;
				PRODUCT_NAME = "$(TARGET_NAME)";
				SWIFT_EMIT_LOC_STRINGS = NO;
				SWIFT_VERSION = 5.0;
				TARGETED_DEVICE_FAMILY = "1,2";
				TEST_TARGET_NAME = Whitebox;
			};
			name = Release;
		};
/* End XCBuildConfiguration section */

/* Begin XCConfigurationList section */
		643FAA1A2A9CFA1500786562 /* Build configuration list for PBXProject "Whitebox" */ = {
			isa = XCConfigurationList;
			buildConfigurations = (
				643FAA462A9CFA1900786562 /* Debug */,
				643FAA472A9CFA1900786562 /* Release */,
			);
			defaultConfigurationIsVisible = 0;
			defaultConfigurationName = Release;
		};
		643FAA482A9CFA1900786562 /* Build configuration list for PBXNativeTarget "Whitebox" */ = {
			isa = XCConfigurationList;
			buildConfigurations = (
				643FAA492A9CFA1900786562 /* Debug */,
				643FAA4A2A9CFA1900786562 /* Release */,
			);
			defaultConfigurationIsVisible = 0;
			defaultConfigurationName = Release;
		};
		643FAA4B2A9CFA1900786562 /* Build configuration list for PBXNativeTarget "WhiteboxTests" */ = {
			isa = XCConfigurationList;
			buildConfigurations = (
				643FAA4C2A9CFA1900786562 /* Debug */,
				643FAA4D2A9CFA1900786562 /* Release */,
			);
			defaultConfigurationIsVisible = 0;
			defaultConfigurationName = Release;
		};
		643FAA4E2A9CFA1900786562 /* Build configuration list for PBXNativeTarget "WhiteboxUITests" */ = {
			isa = XCConfigurationList;
			buildConfigurations = (
				643FAA4F2A9CFA1900786562 /* Debug */,
				643FAA502A9CFA1900786562 /* Release */,
			);
			defaultConfigurationIsVisible = 0;
			defaultConfigurationName = Release;
		};
/* End XCConfigurationList section */

/* Begin XCVersionGroup section */
		643FAA2D2A9CFA1900786562 /* Whitebox.xcdatamodeld */ = {
			isa = XCVersionGroup;
			children = (
				643FAA2E2A9CFA1900786562 /* Whitebox.xcdatamodel */,
			);
			currentVersion = 643FAA2E2A9CFA1900786562 /* Whitebox.xcdatamodel */;
			path = Whitebox.xcdatamodeld;
			sourceTree = "<group>";
			versionGroupType = wrapper.xcdatamodel;
		};
/* End XCVersionGroup section */
	};
	rootObject = 643FAA172A9CFA1500786562 /* Project object */;
}
