// !$*UTF8*$!
{
	archiveVersion = 1;
	classes = {
	};
	objectVersion = 56;
	objects = {

/* Begin PBXBuildFile section */
		641B71DB2A9F472900973F07 /* CryptoAssetIconDto.swift in Sources */ = {isa = PBXBuildFile; fileRef = 641B71DA2A9F472900973F07 /* CryptoAssetIconDto.swift */; };
		643FAA232A9CFA1500786562 /* WhiteboxApp.swift in Sources */ = {isa = PBXBuildFile; fileRef = 643FAA222A9CFA1500786562 /* WhiteboxApp.swift */; };
		643FAA252A9CFA1500786562 /* ContentView.swift in Sources */ = {isa = PBXBuildFile; fileRef = 643FAA242A9CFA1500786562 /* ContentView.swift */; };
		643FAA272A9CFA1900786562 /* Assets.xcassets in Resources */ = {isa = PBXBuildFile; fileRef = 643FAA262A9CFA1900786562 /* Assets.xcassets */; };
		643FAA2A2A9CFA1900786562 /* Preview Assets.xcassets in Resources */ = {isa = PBXBuildFile; fileRef = 643FAA292A9CFA1900786562 /* Preview Assets.xcassets */; };
		643FAA2C2A9CFA1900786562 /* Persistence.swift in Sources */ = {isa = PBXBuildFile; fileRef = 643FAA2B2A9CFA1900786562 /* Persistence.swift */; };
		643FAA2F2A9CFA1900786562 /* Whitebox.xcdatamodeld in Sources */ = {isa = PBXBuildFile; fileRef = 643FAA2D2A9CFA1900786562 /* Whitebox.xcdatamodeld */; };
		643FAA392A9CFA1900786562 /* CryptoDetailViewModelTests.swift in Sources */ = {isa = PBXBuildFile; fileRef = 643FAA382A9CFA1900786562 /* CryptoDetailViewModelTests.swift */; };
		643FAA432A9CFA1900786562 /* WhiteboxUITests.swift in Sources */ = {isa = PBXBuildFile; fileRef = 643FAA422A9CFA1900786562 /* WhiteboxUITests.swift */; };
		643FAA452A9CFA1900786562 /* WhiteboxUITestsLaunchTests.swift in Sources */ = {isa = PBXBuildFile; fileRef = 643FAA442A9CFA1900786562 /* WhiteboxUITestsLaunchTests.swift */; };
		643FAA542A9D093F00786562 /* CryptoAsset.swift in Sources */ = {isa = PBXBuildFile; fileRef = 643FAA532A9D093F00786562 /* CryptoAsset.swift */; };
		643FAA562A9D095B00786562 /* CryptoListItemView.swift in Sources */ = {isa = PBXBuildFile; fileRef = 643FAA552A9D095B00786562 /* CryptoListItemView.swift */; };
		643FAA5C2A9D0AA800786562 /* View+Navigation.swift in Sources */ = {isa = PBXBuildFile; fileRef = 643FAA5B2A9D0AA800786562 /* View+Navigation.swift */; };
		643FAA5E2A9D0AC000786562 /* Binding+Optional.swift in Sources */ = {isa = PBXBuildFile; fileRef = 643FAA5D2A9D0AC000786562 /* Binding+Optional.swift */; };
		643FAA602A9D0B7D00786562 /* CryptoDetailView.swift in Sources */ = {isa = PBXBuildFile; fileRef = 643FAA5F2A9D0B7D00786562 /* CryptoDetailView.swift */; };
		643FAA632A9D100300786562 /* FavoriteButton.swift in Sources */ = {isa = PBXBuildFile; fileRef = 643FAA622A9D100300786562 /* FavoriteButton.swift */; };
		643FAA652A9D106500786562 /* ShapedText.swift in Sources */ = {isa = PBXBuildFile; fileRef = 643FAA642A9D106500786562 /* ShapedText.swift */; };
		645CE2482AA0FBEC003B232A /* Entity+Mapping.swift in Sources */ = {isa = PBXBuildFile; fileRef = 645CE2472AA0FBEC003B232A /* Entity+Mapping.swift */; };
		6479C9542AA2192400746FFA /* ResponseResult.swift in Sources */ = {isa = PBXBuildFile; fileRef = 6479C9532AA2192400746FFA /* ResponseResult.swift */; };
		6479C9572AA2194000746FFA /* MockCryptoRepository.swift in Sources */ = {isa = PBXBuildFile; fileRef = 6479C9562AA2194000746FFA /* MockCryptoRepository.swift */; };
		6479C9592AA219C700746FFA /* MockCryptoLocalDatasource.swift in Sources */ = {isa = PBXBuildFile; fileRef = 6479C9582AA219C700746FFA /* MockCryptoLocalDatasource.swift */; };
		6479C95B2AA219EC00746FFA /* MockCryptoRemoteDatasource.swift in Sources */ = {isa = PBXBuildFile; fileRef = 6479C95A2AA219EC00746FFA /* MockCryptoRemoteDatasource.swift */; };
		6479C95D2AA21A4900746FFA /* FlowableTester.swift in Sources */ = {isa = PBXBuildFile; fileRef = 6479C95C2AA21A4900746FFA /* FlowableTester.swift */; };
		6479C95F2AA21F6C00746FFA /* CryptoRepositoryTests.swift in Sources */ = {isa = PBXBuildFile; fileRef = 6479C95E2AA21F6C00746FFA /* CryptoRepositoryTests.swift */; };
		6479C9622AA2295B00746FFA /* Publisher+SinkInto.swift in Sources */ = {isa = PBXBuildFile; fileRef = 6479C9612AA2295B00746FFA /* Publisher+SinkInto.swift */; };
		6479C9642AA22BE000746FFA /* CustomErrorView.swift in Sources */ = {isa = PBXBuildFile; fileRef = 6479C9632AA22BE000746FFA /* CustomErrorView.swift */; };
		647D1F332A9E323E001BC38D /* ContentViewModel.swift in Sources */ = {isa = PBXBuildFile; fileRef = 647D1F322A9E323E001BC38D /* ContentViewModel.swift */; };
		647D1F352A9E32EE001BC38D /* CryptoRepository.swift in Sources */ = {isa = PBXBuildFile; fileRef = 647D1F342A9E32EE001BC38D /* CryptoRepository.swift */; };
		647D1F372A9E32FC001BC38D /* CryptoRepositoryImpl.swift in Sources */ = {isa = PBXBuildFile; fileRef = 647D1F362A9E32FC001BC38D /* CryptoRepositoryImpl.swift */; };
		647D1F3C2A9F2CD8001BC38D /* CryptoAssetDto.swift in Sources */ = {isa = PBXBuildFile; fileRef = 647D1F3B2A9F2CD8001BC38D /* CryptoAssetDto.swift */; };
		6496FA8C2A9F9E3B009642B1 /* CryptoExchangeRateDto.swift in Sources */ = {isa = PBXBuildFile; fileRef = 6496FA8B2A9F9E3B009642B1 /* CryptoExchangeRateDto.swift */; };
		6496FA8E2A9F9E91009642B1 /* CryptoExchangeRate.swift in Sources */ = {isa = PBXBuildFile; fileRef = 6496FA8D2A9F9E91009642B1 /* CryptoExchangeRate.swift */; };
		64A9931F2AA248BB009879FB /* Localizable.strings in Resources */ = {isa = PBXBuildFile; fileRef = 64A993212AA248BB009879FB /* Localizable.strings */; };
		64A993242AA254B0009879FB /* String+Localization.swift in Sources */ = {isa = PBXBuildFile; fileRef = 64A993232AA254B0009879FB /* String+Localization.swift */; };
		64EFAE872AA082C8007A23B7 /* URLSession.DataTaskPublisher+Validation.swift in Sources */ = {isa = PBXBuildFile; fileRef = 64EFAE862AA082C8007A23B7 /* URLSession.DataTaskPublisher+Validation.swift */; };
		64EFAE892AA08AED007A23B7 /* Publisher+ErrorMapping.swift in Sources */ = {isa = PBXBuildFile; fileRef = 64EFAE882AA08AED007A23B7 /* Publisher+ErrorMapping.swift */; };
		64EFAE8B2AA08B3E007A23B7 /* Errors.swift in Sources */ = {isa = PBXBuildFile; fileRef = 64EFAE8A2AA08B3E007A23B7 /* Errors.swift */; };
		64EFAE8D2AA08BB8007A23B7 /* HttpMethod.swift in Sources */ = {isa = PBXBuildFile; fileRef = 64EFAE8C2AA08BB8007A23B7 /* HttpMethod.swift */; };
		64EFAE8F2AA08D58007A23B7 /* CryptoRemoteDatasource.swift in Sources */ = {isa = PBXBuildFile; fileRef = 64EFAE8E2AA08D58007A23B7 /* CryptoRemoteDatasource.swift */; };
		64EFAE912AA08D64007A23B7 /* CryptoRemoteDatasourceImpl.swift in Sources */ = {isa = PBXBuildFile; fileRef = 64EFAE902AA08D64007A23B7 /* CryptoRemoteDatasourceImpl.swift */; };
		64EFAE932AA08EEB007A23B7 /* CryptoCurrency.swift in Sources */ = {isa = PBXBuildFile; fileRef = 64EFAE922AA08EEB007A23B7 /* CryptoCurrency.swift */; };
		64EFAE952AA09642007A23B7 /* CryptoRemoteDatasourceConfiguration.swift in Sources */ = {isa = PBXBuildFile; fileRef = 64EFAE942AA09642007A23B7 /* CryptoRemoteDatasourceConfiguration.swift */; };
		64EFAE972AA09671007A23B7 /* CryptoDetailViewModel.swift in Sources */ = {isa = PBXBuildFile; fileRef = 64EFAE962AA09671007A23B7 /* CryptoDetailViewModel.swift */; };
		64EFAE992AA096B3007A23B7 /* CryptoListView.swift in Sources */ = {isa = PBXBuildFile; fileRef = 64EFAE982AA096B3007A23B7 /* CryptoListView.swift */; };
		64EFAE9E2AA09BB5007A23B7 /* CryptoDetailVO.swift in Sources */ = {isa = PBXBuildFile; fileRef = 64EFAE9D2AA09BB5007A23B7 /* CryptoDetailVO.swift */; };
		64EFAEA02AA0A196007A23B7 /* CryptoDetailContentView.swift in Sources */ = {isa = PBXBuildFile; fileRef = 64EFAE9F2AA0A196007A23B7 /* CryptoDetailContentView.swift */; };
		64EFAEA32AA0CFBE007A23B7 /* NukeUI in Frameworks */ = {isa = PBXBuildFile; productRef = 64EFAEA22AA0CFBE007A23B7 /* NukeUI */; };
		64EFAEA52AA0DA22007A23B7 /* CryptoLocalDatasource.swift in Sources */ = {isa = PBXBuildFile; fileRef = 64EFAEA42AA0DA22007A23B7 /* CryptoLocalDatasource.swift */; };
		64EFAEA72AA0DA2D007A23B7 /* CryptoLocalDatasourceImpl.swift in Sources */ = {isa = PBXBuildFile; fileRef = 64EFAEA62AA0DA2D007A23B7 /* CryptoLocalDatasourceImpl.swift */; };
		64EFAEA92AA0DDA8007A23B7 /* Publisher+Just+Fail.swift in Sources */ = {isa = PBXBuildFile; fileRef = 64EFAEA82AA0DDA8007A23B7 /* Publisher+Just+Fail.swift */; };
/* End PBXBuildFile section */

/* Begin PBXContainerItemProxy section */
		643FAA352A9CFA1900786562 /* PBXContainerItemProxy */ = {
			isa = PBXContainerItemProxy;
			containerPortal = 643FAA172A9CFA1500786562 /* Project object */;
			proxyType = 1;
			remoteGlobalIDString = 643FAA1E2A9CFA1500786562;
			remoteInfo = Whitebox;
		};
		643FAA3F2A9CFA1900786562 /* PBXContainerItemProxy */ = {
			isa = PBXContainerItemProxy;
			containerPortal = 643FAA172A9CFA1500786562 /* Project object */;
			proxyType = 1;
			remoteGlobalIDString = 643FAA1E2A9CFA1500786562;
			remoteInfo = Whitebox;
		};
/* End PBXContainerItemProxy section */

/* Begin PBXFileReference section */
		641B71DA2A9F472900973F07 /* CryptoAssetIconDto.swift */ = {isa = PBXFileReference; lastKnownFileType = sourcecode.swift; path = CryptoAssetIconDto.swift; sourceTree = "<group>"; };
		643FAA1F2A9CFA1500786562 /* Whitebox.app */ = {isa = PBXFileReference; explicitFileType = wrapper.application; includeInIndex = 0; path = Whitebox.app; sourceTree = BUILT_PRODUCTS_DIR; };
		643FAA222A9CFA1500786562 /* WhiteboxApp.swift */ = {isa = PBXFileReference; lastKnownFileType = sourcecode.swift; path = WhiteboxApp.swift; sourceTree = "<group>"; };
		643FAA242A9CFA1500786562 /* ContentView.swift */ = {isa = PBXFileReference; lastKnownFileType = sourcecode.swift; path = ContentView.swift; sourceTree = "<group>"; };
		643FAA262A9CFA1900786562 /* Assets.xcassets */ = {isa = PBXFileReference; lastKnownFileType = folder.assetcatalog; path = Assets.xcassets; sourceTree = "<group>"; };
		643FAA292A9CFA1900786562 /* Preview Assets.xcassets */ = {isa = PBXFileReference; lastKnownFileType = folder.assetcatalog; path = "Preview Assets.xcassets"; sourceTree = "<group>"; };
		643FAA2B2A9CFA1900786562 /* Persistence.swift */ = {isa = PBXFileReference; lastKnownFileType = sourcecode.swift; path = Persistence.swift; sourceTree = "<group>"; };
		643FAA2E2A9CFA1900786562 /* Whitebox.xcdatamodel */ = {isa = PBXFileReference; lastKnownFileType = wrapper.xcdatamodel; path = Whitebox.xcdatamodel; sourceTree = "<group>"; };
		643FAA342A9CFA1900786562 /* WhiteboxTests.xctest */ = {isa = PBXFileReference; explicitFileType = wrapper.cfbundle; includeInIndex = 0; path = WhiteboxTests.xctest; sourceTree = BUILT_PRODUCTS_DIR; };
		643FAA382A9CFA1900786562 /* CryptoDetailViewModelTests.swift */ = {isa = PBXFileReference; lastKnownFileType = sourcecode.swift; path = CryptoDetailViewModelTests.swift; sourceTree = "<group>"; };
		643FAA3E2A9CFA1900786562 /* WhiteboxUITests.xctest */ = {isa = PBXFileReference; explicitFileType = wrapper.cfbundle; includeInIndex = 0; path = WhiteboxUITests.xctest; sourceTree = BUILT_PRODUCTS_DIR; };
		643FAA422A9CFA1900786562 /* WhiteboxUITests.swift */ = {isa = PBXFileReference; lastKnownFileType = sourcecode.swift; path = WhiteboxUITests.swift; sourceTree = "<group>"; };
		643FAA442A9CFA1900786562 /* WhiteboxUITestsLaunchTests.swift */ = {isa = PBXFileReference; lastKnownFileType = sourcecode.swift; path = WhiteboxUITestsLaunchTests.swift; sourceTree = "<group>"; };
		643FAA532A9D093F00786562 /* CryptoAsset.swift */ = {isa = PBXFileReference; lastKnownFileType = sourcecode.swift; path = CryptoAsset.swift; sourceTree = "<group>"; };
		643FAA552A9D095B00786562 /* CryptoListItemView.swift */ = {isa = PBXFileReference; lastKnownFileType = sourcecode.swift; path = CryptoListItemView.swift; sourceTree = "<group>"; };
		643FAA5B2A9D0AA800786562 /* View+Navigation.swift */ = {isa = PBXFileReference; lastKnownFileType = sourcecode.swift; path = "View+Navigation.swift"; sourceTree = "<group>"; };
		643FAA5D2A9D0AC000786562 /* Binding+Optional.swift */ = {isa = PBXFileReference; lastKnownFileType = sourcecode.swift; path = "Binding+Optional.swift"; sourceTree = "<group>"; };
		643FAA5F2A9D0B7D00786562 /* CryptoDetailView.swift */ = {isa = PBXFileReference; lastKnownFileType = sourcecode.swift; path = CryptoDetailView.swift; sourceTree = "<group>"; };
		643FAA622A9D100300786562 /* FavoriteButton.swift */ = {isa = PBXFileReference; lastKnownFileType = sourcecode.swift; path = FavoriteButton.swift; sourceTree = "<group>"; };
		643FAA642A9D106500786562 /* ShapedText.swift */ = {isa = PBXFileReference; lastKnownFileType = sourcecode.swift; path = ShapedText.swift; sourceTree = "<group>"; };
		645CE2472AA0FBEC003B232A /* Entity+Mapping.swift */ = {isa = PBXFileReference; lastKnownFileType = sourcecode.swift; path = "Entity+Mapping.swift"; sourceTree = "<group>"; };
		6479C9532AA2192400746FFA /* ResponseResult.swift */ = {isa = PBXFileReference; lastKnownFileType = sourcecode.swift; path = ResponseResult.swift; sourceTree = "<group>"; };
		6479C9562AA2194000746FFA /* MockCryptoRepository.swift */ = {isa = PBXFileReference; lastKnownFileType = sourcecode.swift; path = MockCryptoRepository.swift; sourceTree = "<group>"; };
		6479C9582AA219C700746FFA /* MockCryptoLocalDatasource.swift */ = {isa = PBXFileReference; lastKnownFileType = sourcecode.swift; path = MockCryptoLocalDatasource.swift; sourceTree = "<group>"; };
		6479C95A2AA219EC00746FFA /* MockCryptoRemoteDatasource.swift */ = {isa = PBXFileReference; lastKnownFileType = sourcecode.swift; path = MockCryptoRemoteDatasource.swift; sourceTree = "<group>"; };
		6479C95C2AA21A4900746FFA /* FlowableTester.swift */ = {isa = PBXFileReference; lastKnownFileType = sourcecode.swift; path = FlowableTester.swift; sourceTree = "<group>"; };
		6479C95E2AA21F6C00746FFA /* CryptoRepositoryTests.swift */ = {isa = PBXFileReference; lastKnownFileType = sourcecode.swift; path = CryptoRepositoryTests.swift; sourceTree = "<group>"; };
		6479C9612AA2295B00746FFA /* Publisher+SinkInto.swift */ = {isa = PBXFileReference; lastKnownFileType = sourcecode.swift; path = "Publisher+SinkInto.swift"; sourceTree = "<group>"; };
		6479C9632AA22BE000746FFA /* CustomErrorView.swift */ = {isa = PBXFileReference; lastKnownFileType = sourcecode.swift; path = CustomErrorView.swift; sourceTree = "<group>"; };
		647D1F322A9E323E001BC38D /* ContentViewModel.swift */ = {isa = PBXFileReference; lastKnownFileType = sourcecode.swift; path = ContentViewModel.swift; sourceTree = "<group>"; };
		647D1F342A9E32EE001BC38D /* CryptoRepository.swift */ = {isa = PBXFileReference; lastKnownFileType = sourcecode.swift; path = CryptoRepository.swift; sourceTree = "<group>"; };
		647D1F362A9E32FC001BC38D /* CryptoRepositoryImpl.swift */ = {isa = PBXFileReference; lastKnownFileType = sourcecode.swift; path = CryptoRepositoryImpl.swift; sourceTree = "<group>"; };
		647D1F3B2A9F2CD8001BC38D /* CryptoAssetDto.swift */ = {isa = PBXFileReference; lastKnownFileType = sourcecode.swift; path = CryptoAssetDto.swift; sourceTree = "<group>"; };
		6496FA8B2A9F9E3B009642B1 /* CryptoExchangeRateDto.swift */ = {isa = PBXFileReference; lastKnownFileType = sourcecode.swift; path = CryptoExchangeRateDto.swift; sourceTree = "<group>"; };
		6496FA8D2A9F9E91009642B1 /* CryptoExchangeRate.swift */ = {isa = PBXFileReference; lastKnownFileType = sourcecode.swift; path = CryptoExchangeRate.swift; sourceTree = "<group>"; };
		64A993202AA248BB009879FB /* en */ = {isa = PBXFileReference; lastKnownFileType = text.plist.strings; name = en; path = en.lproj/Localizable.strings; sourceTree = "<group>"; };
		64A993222AA248C0009879FB /* de */ = {isa = PBXFileReference; lastKnownFileType = text.plist.strings; name = de; path = de.lproj/Localizable.strings; sourceTree = "<group>"; };
		64A993232AA254B0009879FB /* String+Localization.swift */ = {isa = PBXFileReference; lastKnownFileType = sourcecode.swift; path = "String+Localization.swift"; sourceTree = "<group>"; };
		64EFAE862AA082C8007A23B7 /* URLSession.DataTaskPublisher+Validation.swift */ = {isa = PBXFileReference; lastKnownFileType = sourcecode.swift; path = "URLSession.DataTaskPublisher+Validation.swift"; sourceTree = "<group>"; };
		64EFAE882AA08AED007A23B7 /* Publisher+ErrorMapping.swift */ = {isa = PBXFileReference; lastKnownFileType = sourcecode.swift; path = "Publisher+ErrorMapping.swift"; sourceTree = "<group>"; };
		64EFAE8A2AA08B3E007A23B7 /* Errors.swift */ = {isa = PBXFileReference; lastKnownFileType = sourcecode.swift; path = Errors.swift; sourceTree = "<group>"; };
		64EFAE8C2AA08BB8007A23B7 /* HttpMethod.swift */ = {isa = PBXFileReference; lastKnownFileType = sourcecode.swift; path = HttpMethod.swift; sourceTree = "<group>"; };
		64EFAE8E2AA08D58007A23B7 /* CryptoRemoteDatasource.swift */ = {isa = PBXFileReference; lastKnownFileType = sourcecode.swift; path = CryptoRemoteDatasource.swift; sourceTree = "<group>"; };
		64EFAE902AA08D64007A23B7 /* CryptoRemoteDatasourceImpl.swift */ = {isa = PBXFileReference; lastKnownFileType = sourcecode.swift; path = CryptoRemoteDatasourceImpl.swift; sourceTree = "<group>"; };
		64EFAE922AA08EEB007A23B7 /* CryptoCurrency.swift */ = {isa = PBXFileReference; lastKnownFileType = sourcecode.swift; path = CryptoCurrency.swift; sourceTree = "<group>"; };
		64EFAE942AA09642007A23B7 /* CryptoRemoteDatasourceConfiguration.swift */ = {isa = PBXFileReference; lastKnownFileType = sourcecode.swift; path = CryptoRemoteDatasourceConfiguration.swift; sourceTree = "<group>"; };
		64EFAE962AA09671007A23B7 /* CryptoDetailViewModel.swift */ = {isa = PBXFileReference; lastKnownFileType = sourcecode.swift; path = CryptoDetailViewModel.swift; sourceTree = "<group>"; };
		64EFAE982AA096B3007A23B7 /* CryptoListView.swift */ = {isa = PBXFileReference; lastKnownFileType = sourcecode.swift; path = CryptoListView.swift; sourceTree = "<group>"; };
		64EFAE9D2AA09BB5007A23B7 /* CryptoDetailVO.swift */ = {isa = PBXFileReference; lastKnownFileType = sourcecode.swift; path = CryptoDetailVO.swift; sourceTree = "<group>"; };
		64EFAE9F2AA0A196007A23B7 /* CryptoDetailContentView.swift */ = {isa = PBXFileReference; lastKnownFileType = sourcecode.swift; path = CryptoDetailContentView.swift; sourceTree = "<group>"; };
		64EFAEA42AA0DA22007A23B7 /* CryptoLocalDatasource.swift */ = {isa = PBXFileReference; lastKnownFileType = sourcecode.swift; path = CryptoLocalDatasource.swift; sourceTree = "<group>"; };
		64EFAEA62AA0DA2D007A23B7 /* CryptoLocalDatasourceImpl.swift */ = {isa = PBXFileReference; lastKnownFileType = sourcecode.swift; path = CryptoLocalDatasourceImpl.swift; sourceTree = "<group>"; };
		64EFAEA82AA0DDA8007A23B7 /* Publisher+Just+Fail.swift */ = {isa = PBXFileReference; lastKnownFileType = sourcecode.swift; path = "Publisher+Just+Fail.swift"; sourceTree = "<group>"; };
/* End PBXFileReference section */

/* Begin PBXFrameworksBuildPhase section */
		643FAA1C2A9CFA1500786562 /* Frameworks */ = {
			isa = PBXFrameworksBuildPhase;
			buildActionMask = 2147483647;
			files = (
				64EFAEA32AA0CFBE007A23B7 /* NukeUI in Frameworks */,
			);
			runOnlyForDeploymentPostprocessing = 0;
		};
		643FAA312A9CFA1900786562 /* Frameworks */ = {
			isa = PBXFrameworksBuildPhase;
			buildActionMask = 2147483647;
			files = (
			);
			runOnlyForDeploymentPostprocessing = 0;
		};
		643FAA3B2A9CFA1900786562 /* Frameworks */ = {
			isa = PBXFrameworksBuildPhase;
			buildActionMask = 2147483647;
			files = (
			);
			runOnlyForDeploymentPostprocessing = 0;
		};
/* End PBXFrameworksBuildPhase section */

/* Begin PBXGroup section */
		643FAA162A9CFA1500786562 = {
			isa = PBXGroup;
			children = (
				643FAA212A9CFA1500786562 /* Whitebox */,
				643FAA372A9CFA1900786562 /* WhiteboxTests */,
				643FAA412A9CFA1900786562 /* WhiteboxUITests */,
				643FAA202A9CFA1500786562 /* Products */,
			);
			sourceTree = "<group>";
		};
		643FAA202A9CFA1500786562 /* Products */ = {
			isa = PBXGroup;
			children = (
				643FAA1F2A9CFA1500786562 /* Whitebox.app */,
				643FAA342A9CFA1900786562 /* WhiteboxTests.xctest */,
				643FAA3E2A9CFA1900786562 /* WhiteboxUITests.xctest */,
			);
			name = Products;
			sourceTree = "<group>";
		};
		643FAA212A9CFA1500786562 /* Whitebox */ = {
			isa = PBXGroup;
			children = (
				647D1F2E2A9E31FF001BC38D /* Datastore */,
				643FAA5A2A9D0A9C00786562 /* Extensions */,
				643FAA522A9D092D00786562 /* Model */,
				643FAA572A9D099C00786562 /* Utils */,
				643FAA512A9D00FE00786562 /* View */,
				643FAA222A9CFA1500786562 /* WhiteboxApp.swift */,
			);
			path = Whitebox;
			sourceTree = "<group>";
		};
		643FAA282A9CFA1900786562 /* Preview Content */ = {
			isa = PBXGroup;
			children = (
				643FAA292A9CFA1900786562 /* Preview Assets.xcassets */,
			);
			path = "Preview Content";
			sourceTree = "<group>";
		};
		643FAA372A9CFA1900786562 /* WhiteboxTests */ = {
			isa = PBXGroup;
			children = (
				6479C9602AA2294B00746FFA /* Extension */,
				643FAA382A9CFA1900786562 /* CryptoDetailViewModelTests.swift */,
				6479C95E2AA21F6C00746FFA /* CryptoRepositoryTests.swift */,
				6479C9522AA2190F00746FFA /* Utils */,
			);
			path = WhiteboxTests;
			sourceTree = "<group>";
		};
		643FAA412A9CFA1900786562 /* WhiteboxUITests */ = {
			isa = PBXGroup;
			children = (
				643FAA422A9CFA1900786562 /* WhiteboxUITests.swift */,
				643FAA442A9CFA1900786562 /* WhiteboxUITestsLaunchTests.swift */,
			);
			path = WhiteboxUITests;
			sourceTree = "<group>";
		};
		643FAA512A9D00FE00786562 /* View */ = {
			isa = PBXGroup;
			children = (
				643FAA612A9D0FF800786562 /* Assets */,
				643FAA242A9CFA1500786562 /* ContentView.swift */,
				647D1F322A9E323E001BC38D /* ContentViewModel.swift */,
				64EFAE9A2AA09B8A007A23B7 /* Detail */,
				64EFAE9B2AA09B95007A23B7 /* List */,
			);
			path = View;
			sourceTree = "<group>";
		};
		643FAA522A9D092D00786562 /* Model */ = {
			isa = PBXGroup;
			children = (
				643FAA532A9D093F00786562 /* CryptoAsset.swift */,
				64EFAE922AA08EEB007A23B7 /* CryptoCurrency.swift */,
				6496FA8D2A9F9E91009642B1 /* CryptoExchangeRate.swift */,
			);
			path = Model;
			sourceTree = "<group>";
		};
		643FAA572A9D099C00786562 /* Utils */ = {
			isa = PBXGroup;
			children = (
				643FAA262A9CFA1900786562 /* Assets.xcassets */,
				64EFAE8A2AA08B3E007A23B7 /* Errors.swift */,
				64A993212AA248BB009879FB /* Localizable.strings */,
				643FAA282A9CFA1900786562 /* Preview Content */,
			);
			path = Utils;
			sourceTree = "<group>";
		};
		643FAA5A2A9D0A9C00786562 /* Extensions */ = {
			isa = PBXGroup;
			children = (
				643FAA5D2A9D0AC000786562 /* Binding+Optional.swift */,
				64EFAE882AA08AED007A23B7 /* Publisher+ErrorMapping.swift */,
				64EFAEA82AA0DDA8007A23B7 /* Publisher+Just+Fail.swift */,
				64A993232AA254B0009879FB /* String+Localization.swift */,
				64EFAE862AA082C8007A23B7 /* URLSession.DataTaskPublisher+Validation.swift */,
				643FAA5B2A9D0AA800786562 /* View+Navigation.swift */,
			);
			path = Extensions;
			sourceTree = "<group>";
		};
		643FAA612A9D0FF800786562 /* Assets */ = {
			isa = PBXGroup;
			children = (
				6479C9632AA22BE000746FFA /* CustomErrorView.swift */,
				643FAA622A9D100300786562 /* FavoriteButton.swift */,
				643FAA642A9D106500786562 /* ShapedText.swift */,
			);
			path = Assets;
			sourceTree = "<group>";
		};
		6479C9522AA2190F00746FFA /* Utils */ = {
			isa = PBXGroup;
			children = (
				6479C95C2AA21A4900746FFA /* FlowableTester.swift */,
				6479C9552AA2193700746FFA /* mocks */,
				6479C9532AA2192400746FFA /* ResponseResult.swift */,
			);
			path = Utils;
			sourceTree = "<group>";
		};
		6479C9552AA2193700746FFA /* mocks */ = {
			isa = PBXGroup;
			children = (
				6479C9582AA219C700746FFA /* MockCryptoLocalDatasource.swift */,
				6479C95A2AA219EC00746FFA /* MockCryptoRemoteDatasource.swift */,
				6479C9562AA2194000746FFA /* MockCryptoRepository.swift */,
			);
			path = mocks;
			sourceTree = "<group>";
		};
		6479C9602AA2294B00746FFA /* Extension */ = {
			isa = PBXGroup;
			children = (
				6479C9612AA2295B00746FFA /* Publisher+SinkInto.swift */,
			);
			path = Extension;
			sourceTree = "<group>";
		};
		647D1F2E2A9E31FF001BC38D /* Datastore */ = {
			isa = PBXGroup;
			children = (
				647D1F342A9E32EE001BC38D /* CryptoRepository.swift */,
				647D1F362A9E32FC001BC38D /* CryptoRepositoryImpl.swift */,
				647D1F302A9E320D001BC38D /* Local */,
				647D1F2F2A9E3207001BC38D /* Remote */,
			);
			path = Datastore;
			sourceTree = "<group>";
		};
		647D1F2F2A9E3207001BC38D /* Remote */ = {
			isa = PBXGroup;
			children = (
				64EFAE8E2AA08D58007A23B7 /* CryptoRemoteDatasource.swift */,
				64EFAE942AA09642007A23B7 /* CryptoRemoteDatasourceConfiguration.swift */,
				64EFAE902AA08D64007A23B7 /* CryptoRemoteDatasourceImpl.swift */,
				647D1F3A2A9F2B97001BC38D /* Dto */,
				64EFAE8C2AA08BB8007A23B7 /* HttpMethod.swift */,
			);
			path = Remote;
			sourceTree = "<group>";
		};
		647D1F302A9E320D001BC38D /* Local */ = {
			isa = PBXGroup;
			children = (
				647D1F312A9E3214001BC38D /* Core Data */,
				64EFAEA42AA0DA22007A23B7 /* CryptoLocalDatasource.swift */,
				64EFAEA62AA0DA2D007A23B7 /* CryptoLocalDatasourceImpl.swift */,
			);
			path = Local;
			sourceTree = "<group>";
		};
		647D1F312A9E3214001BC38D /* Core Data */ = {
			isa = PBXGroup;
			children = (
				643FAA2D2A9CFA1900786562 /* Whitebox.xcdatamodeld */,
				643FAA2B2A9CFA1900786562 /* Persistence.swift */,
				645CE2472AA0FBEC003B232A /* Entity+Mapping.swift */,
			);
			path = "Core Data";
			sourceTree = "<group>";
		};
		647D1F3A2A9F2B97001BC38D /* Dto */ = {
			isa = PBXGroup;
			children = (
				647D1F3B2A9F2CD8001BC38D /* CryptoAssetDto.swift */,
				641B71DA2A9F472900973F07 /* CryptoAssetIconDto.swift */,
				6496FA8B2A9F9E3B009642B1 /* CryptoExchangeRateDto.swift */,
			);
			path = Dto;
			sourceTree = "<group>";
		};
		64EFAE9A2AA09B8A007A23B7 /* Detail */ = {
			isa = PBXGroup;
			children = (
				64EFAE9F2AA0A196007A23B7 /* CryptoDetailContentView.swift */,
				643FAA5F2A9D0B7D00786562 /* CryptoDetailView.swift */,
				64EFAE962AA09671007A23B7 /* CryptoDetailViewModel.swift */,
				64EFAE9C2AA09BA5007A23B7 /* Model */,
			);
			path = Detail;
			sourceTree = "<group>";
		};
		64EFAE9B2AA09B95007A23B7 /* List */ = {
			isa = PBXGroup;
			children = (
				643FAA552A9D095B00786562 /* CryptoListItemView.swift */,
				64EFAE982AA096B3007A23B7 /* CryptoListView.swift */,
			);
			path = List;
			sourceTree = "<group>";
		};
		64EFAE9C2AA09BA5007A23B7 /* Model */ = {
			isa = PBXGroup;
			children = (
				64EFAE9D2AA09BB5007A23B7 /* CryptoDetailVO.swift */,
			);
			path = Model;
			sourceTree = "<group>";
		};
/* End PBXGroup section */

/* Begin PBXNativeTarget section */
		643FAA1E2A9CFA1500786562 /* Whitebox */ = {
			isa = PBXNativeTarget;
			buildConfigurationList = 643FAA482A9CFA1900786562 /* Build configuration list for PBXNativeTarget "Whitebox" */;
			buildPhases = (
				643FAA1B2A9CFA1500786562 /* Sources */,
				643FAA1C2A9CFA1500786562 /* Frameworks */,
				643FAA1D2A9CFA1500786562 /* Resources */,
			);
			buildRules = (
			);
			dependencies = (
			);
			name = Whitebox;
			packageProductDependencies = (
				64EFAEA22AA0CFBE007A23B7 /* NukeUI */,
			);
			productName = Whitebox;
			productReference = 643FAA1F2A9CFA1500786562 /* Whitebox.app */;
			productType = "com.apple.product-type.application";
		};
		643FAA332A9CFA1900786562 /* WhiteboxTests */ = {
			isa = PBXNativeTarget;
			buildConfigurationList = 643FAA4B2A9CFA1900786562 /* Build configuration list for PBXNativeTarget "WhiteboxTests" */;
			buildPhases = (
				643FAA302A9CFA1900786562 /* Sources */,
				643FAA312A9CFA1900786562 /* Frameworks */,
				643FAA322A9CFA1900786562 /* Resources */,
			);
			buildRules = (
			);
			dependencies = (
				643FAA362A9CFA1900786562 /* PBXTargetDependency */,
			);
			name = WhiteboxTests;
			productName = WhiteboxTests;
			productReference = 643FAA342A9CFA1900786562 /* WhiteboxTests.xctest */;
			productType = "com.apple.product-type.bundle.unit-test";
		};
		643FAA3D2A9CFA1900786562 /* WhiteboxUITests */ = {
			isa = PBXNativeTarget;
			buildConfigurationList = 643FAA4E2A9CFA1900786562 /* Build configuration list for PBXNativeTarget "WhiteboxUITests" */;
			buildPhases = (
				643FAA3A2A9CFA1900786562 /* Sources */,
				643FAA3B2A9CFA1900786562 /* Frameworks */,
				643FAA3C2A9CFA1900786562 /* Resources */,
			);
			buildRules = (
			);
			dependencies = (
				643FAA402A9CFA1900786562 /* PBXTargetDependency */,
			);
			name = WhiteboxUITests;
			productName = WhiteboxUITests;
			productReference = 643FAA3E2A9CFA1900786562 /* WhiteboxUITests.xctest */;
			productType = "com.apple.product-type.bundle.ui-testing";
		};
/* End PBXNativeTarget section */

/* Begin PBXProject section */
		643FAA172A9CFA1500786562 /* Project object */ = {
			isa = PBXProject;
			attributes = {
				BuildIndependentTargetsInParallel = 1;
				LastSwiftUpdateCheck = 1420;
				LastUpgradeCheck = 1420;
				TargetAttributes = {
					643FAA1E2A9CFA1500786562 = {
						CreatedOnToolsVersion = 14.2;
					};
					643FAA332A9CFA1900786562 = {
						CreatedOnToolsVersion = 14.2;
						TestTargetID = 643FAA1E2A9CFA1500786562;
					};
					643FAA3D2A9CFA1900786562 = {
						CreatedOnToolsVersion = 14.2;
						TestTargetID = 643FAA1E2A9CFA1500786562;
					};
				};
			};
			buildConfigurationList = 643FAA1A2A9CFA1500786562 /* Build configuration list for PBXProject "Whitebox" */;
			compatibilityVersion = "Xcode 14.0";
			developmentRegion = en;
			hasScannedForEncodings = 0;
			knownRegions = (
				en,
				Base,
				de,
			);
			mainGroup = 643FAA162A9CFA1500786562;
			packageReferences = (
				64EFAEA12AA0CFBE007A23B7 /* XCRemoteSwiftPackageReference "Nuke" */,
			);
			productRefGroup = 643FAA202A9CFA1500786562 /* Products */;
			projectDirPath = "";
			projectRoot = "";
			targets = (
				643FAA1E2A9CFA1500786562 /* Whitebox */,
				643FAA332A9CFA1900786562 /* WhiteboxTests */,
				643FAA3D2A9CFA1900786562 /* WhiteboxUITests */,
			);
		};
/* End PBXProject section */

/* Begin PBXResourcesBuildPhase section */
		643FAA1D2A9CFA1500786562 /* Resources */ = {
			isa = PBXResourcesBuildPhase;
			buildActionMask = 2147483647;
			files = (
				643FAA2A2A9CFA1900786562 /* Preview Assets.xcassets in Resources */,
				64A9931F2AA248BB009879FB /* Localizable.strings in Resources */,
				643FAA272A9CFA1900786562 /* Assets.xcassets in Resources */,
			);
			runOnlyForDeploymentPostprocessing = 0;
		};
		643FAA322A9CFA1900786562 /* Resources */ = {
			isa = PBXResourcesBuildPhase;
			buildActionMask = 2147483647;
			files = (
			);
			runOnlyForDeploymentPostprocessing = 0;
		};
		643FAA3C2A9CFA1900786562 /* Resources */ = {
			isa = PBXResourcesBuildPhase;
			buildActionMask = 2147483647;
			files = (
			);
			runOnlyForDeploymentPostprocessing = 0;
		};
/* End PBXResourcesBuildPhase section */

/* Begin PBXSourcesBuildPhase section */
		643FAA1B2A9CFA1500786562 /* Sources */ = {
			isa = PBXSourcesBuildPhase;
			buildActionMask = 2147483647;
			files = (
				647D1F3C2A9F2CD8001BC38D /* CryptoAssetDto.swift in Sources */,
				64EFAEA72AA0DA2D007A23B7 /* CryptoLocalDatasourceImpl.swift in Sources */,
				64EFAE9E2AA09BB5007A23B7 /* CryptoDetailVO.swift in Sources */,
				64A993242AA254B0009879FB /* String+Localization.swift in Sources */,
				6479C9642AA22BE000746FFA /* CustomErrorView.swift in Sources */,
				64EFAE952AA09642007A23B7 /* CryptoRemoteDatasourceConfiguration.swift in Sources */,
				64EFAE932AA08EEB007A23B7 /* CryptoCurrency.swift in Sources */,
				647D1F372A9E32FC001BC38D /* CryptoRepositoryImpl.swift in Sources */,
				64EFAE992AA096B3007A23B7 /* CryptoListView.swift in Sources */,
				64EFAE8B2AA08B3E007A23B7 /* Errors.swift in Sources */,
				647D1F332A9E323E001BC38D /* ContentViewModel.swift in Sources */,
				6496FA8C2A9F9E3B009642B1 /* CryptoExchangeRateDto.swift in Sources */,
				643FAA652A9D106500786562 /* ShapedText.swift in Sources */,
				6496FA8E2A9F9E91009642B1 /* CryptoExchangeRate.swift in Sources */,
				64EFAEA02AA0A196007A23B7 /* CryptoDetailContentView.swift in Sources */,
				64EFAEA52AA0DA22007A23B7 /* CryptoLocalDatasource.swift in Sources */,
				64EFAE972AA09671007A23B7 /* CryptoDetailViewModel.swift in Sources */,
				643FAA562A9D095B00786562 /* CryptoListItemView.swift in Sources */,
				643FAA602A9D0B7D00786562 /* CryptoDetailView.swift in Sources */,
				641B71DB2A9F472900973F07 /* CryptoAssetIconDto.swift in Sources */,
				643FAA2C2A9CFA1900786562 /* Persistence.swift in Sources */,
				643FAA542A9D093F00786562 /* CryptoAsset.swift in Sources */,
				64EFAE912AA08D64007A23B7 /* CryptoRemoteDatasourceImpl.swift in Sources */,
				643FAA252A9CFA1500786562 /* ContentView.swift in Sources */,
				647D1F352A9E32EE001BC38D /* CryptoRepository.swift in Sources */,
				64EFAEA92AA0DDA8007A23B7 /* Publisher+Just+Fail.swift in Sources */,
				643FAA5E2A9D0AC000786562 /* Binding+Optional.swift in Sources */,
				64EFAE892AA08AED007A23B7 /* Publisher+ErrorMapping.swift in Sources */,
				643FAA232A9CFA1500786562 /* WhiteboxApp.swift in Sources */,
				64EFAE872AA082C8007A23B7 /* URLSession.DataTaskPublisher+Validation.swift in Sources */,
				64EFAE8F2AA08D58007A23B7 /* CryptoRemoteDatasource.swift in Sources */,
				643FAA5C2A9D0AA800786562 /* View+Navigation.swift in Sources */,
				64EFAE8D2AA08BB8007A23B7 /* HttpMethod.swift in Sources */,
				643FAA632A9D100300786562 /* FavoriteButton.swift in Sources */,
				643FAA2F2A9CFA1900786562 /* Whitebox.xcdatamodeld in Sources */,
				645CE2482AA0FBEC003B232A /* Entity+Mapping.swift in Sources */,
			);
			runOnlyForDeploymentPostprocessing = 0;
		};
		643FAA302A9CFA1900786562 /* Sources */ = {
			isa = PBXSourcesBuildPhase;
			buildActionMask = 2147483647;
			files = (
				643FAA392A9CFA1900786562 /* CryptoDetailViewModelTests.swift in Sources */,
				6479C95B2AA219EC00746FFA /* MockCryptoRemoteDatasource.swift in Sources */,
				6479C9542AA2192400746FFA /* ResponseResult.swift in Sources */,
				6479C9622AA2295B00746FFA /* Publisher+SinkInto.swift in Sources */,
				6479C9572AA2194000746FFA /* MockCryptoRepository.swift in Sources */,
				6479C95D2AA21A4900746FFA /* FlowableTester.swift in Sources */,
				6479C9592AA219C700746FFA /* MockCryptoLocalDatasource.swift in Sources */,
				6479C95F2AA21F6C00746FFA /* CryptoRepositoryTests.swift in Sources */,
			);
			runOnlyForDeploymentPostprocessing = 0;
		};
		643FAA3A2A9CFA1900786562 /* Sources */ = {
			isa = PBXSourcesBuildPhase;
			buildActionMask = 2147483647;
			files = (
				643FAA452A9CFA1900786562 /* WhiteboxUITestsLaunchTests.swift in Sources */,
				643FAA432A9CFA1900786562 /* WhiteboxUITests.swift in Sources */,
			);
			runOnlyForDeploymentPostprocessing = 0;
		};
/* End PBXSourcesBuildPhase section */

/* Begin PBXTargetDependency section */
		643FAA362A9CFA1900786562 /* PBXTargetDependency */ = {
			isa = PBXTargetDependency;
			target = 643FAA1E2A9CFA1500786562 /* Whitebox */;
			targetProxy = 643FAA352A9CFA1900786562 /* PBXContainerItemProxy */;
		};
		643FAA402A9CFA1900786562 /* PBXTargetDependency */ = {
			isa = PBXTargetDependency;
			target = 643FAA1E2A9CFA1500786562 /* Whitebox */;
			targetProxy = 643FAA3F2A9CFA1900786562 /* PBXContainerItemProxy */;
		};
/* End PBXTargetDependency section */

/* Begin PBXVariantGroup section */
		64A993212AA248BB009879FB /* Localizable.strings */ = {
			isa = PBXVariantGroup;
			children = (
				64A993202AA248BB009879FB /* en */,
				64A993222AA248C0009879FB /* de */,
			);
			name = Localizable.strings;
			sourceTree = "<group>";
		};
/* End PBXVariantGroup section */

/* Begin XCBuildConfiguration section */
		643FAA462A9CFA1900786562 /* Debug */ = {
			isa = XCBuildConfiguration;
			buildSettings = {
				ALWAYS_SEARCH_USER_PATHS = NO;
				CLANG_ANALYZER_NONNULL = YES;
				CLANG_ANALYZER_NUMBER_OBJECT_CONVERSION = YES_AGGRESSIVE;
				CLANG_CXX_LANGUAGE_STANDARD = "gnu++20";
				CLANG_ENABLE_MODULES = YES;
				CLANG_ENABLE_OBJC_ARC = YES;
				CLANG_ENABLE_OBJC_WEAK = YES;
				CLANG_WARN_BLOCK_CAPTURE_AUTORELEASING = YES;
				CLANG_WARN_BOOL_CONVERSION = YES;
				CLANG_WARN_COMMA = YES;
				CLANG_WARN_CONSTANT_CONVERSION = YES;
				CLANG_WARN_DEPRECATED_OBJC_IMPLEMENTATIONS = YES;
				CLANG_WARN_DIRECT_OBJC_ISA_USAGE = YES_ERROR;
				CLANG_WARN_DOCUMENTATION_COMMENTS = YES;
				CLANG_WARN_EMPTY_BODY = YES;
				CLANG_WARN_ENUM_CONVERSION = YES;
				CLANG_WARN_INFINITE_RECURSION = YES;
				CLANG_WARN_INT_CONVERSION = YES;
				CLANG_WARN_NON_LITERAL_NULL_CONVERSION = YES;
				CLANG_WARN_OBJC_IMPLICIT_RETAIN_SELF = YES;
				CLANG_WARN_OBJC_LITERAL_CONVERSION = YES;
				CLANG_WARN_OBJC_ROOT_CLASS = YES_ERROR;
				CLANG_WARN_QUOTED_INCLUDE_IN_FRAMEWORK_HEADER = YES;
				CLANG_WARN_RANGE_LOOP_ANALYSIS = YES;
				CLANG_WARN_STRICT_PROTOTYPES = YES;
				CLANG_WARN_SUSPICIOUS_MOVE = YES;
				CLANG_WARN_UNGUARDED_AVAILABILITY = YES_AGGRESSIVE;
				CLANG_WARN_UNREACHABLE_CODE = YES;
				CLANG_WARN__DUPLICATE_METHOD_MATCH = YES;
				COPY_PHASE_STRIP = NO;
				DEBUG_INFORMATION_FORMAT = dwarf;
				ENABLE_STRICT_OBJC_MSGSEND = YES;
				ENABLE_TESTABILITY = YES;
				GCC_C_LANGUAGE_STANDARD = gnu11;
				GCC_DYNAMIC_NO_PIC = NO;
				GCC_NO_COMMON_BLOCKS = YES;
				GCC_OPTIMIZATION_LEVEL = 0;
				GCC_PREPROCESSOR_DEFINITIONS = (
					"DEBUG=1",
					"$(inherited)",
				);
				GCC_WARN_64_TO_32_BIT_CONVERSION = YES;
				GCC_WARN_ABOUT_RETURN_TYPE = YES_ERROR;
				GCC_WARN_UNDECLARED_SELECTOR = YES;
				GCC_WARN_UNINITIALIZED_AUTOS = YES_AGGRESSIVE;
				GCC_WARN_UNUSED_FUNCTION = YES;
				GCC_WARN_UNUSED_VARIABLE = YES;
				IPHONEOS_DEPLOYMENT_TARGET = 16.0;
				MTL_ENABLE_DEBUG_INFO = INCLUDE_SOURCE;
				MTL_FAST_MATH = YES;
				ONLY_ACTIVE_ARCH = YES;
				SDKROOT = iphoneos;
				SWIFT_ACTIVE_COMPILATION_CONDITIONS = DEBUG;
				SWIFT_OPTIMIZATION_LEVEL = "-Onone";
			};
			name = Debug;
		};
		643FAA472A9CFA1900786562 /* Release */ = {
			isa = XCBuildConfiguration;
			buildSettings = {
				ALWAYS_SEARCH_USER_PATHS = NO;
				CLANG_ANALYZER_NONNULL = YES;
				CLANG_ANALYZER_NUMBER_OBJECT_CONVERSION = YES_AGGRESSIVE;
				CLANG_CXX_LANGUAGE_STANDARD = "gnu++20";
				CLANG_ENABLE_MODULES = YES;
				CLANG_ENABLE_OBJC_ARC = YES;
				CLANG_ENABLE_OBJC_WEAK = YES;
				CLANG_WARN_BLOCK_CAPTURE_AUTORELEASING = YES;
				CLANG_WARN_BOOL_CONVERSION = YES;
				CLANG_WARN_COMMA = YES;
				CLANG_WARN_CONSTANT_CONVERSION = YES;
				CLANG_WARN_DEPRECATED_OBJC_IMPLEMENTATIONS = YES;
				CLANG_WARN_DIRECT_OBJC_ISA_USAGE = YES_ERROR;
				CLANG_WARN_DOCUMENTATION_COMMENTS = YES;
				CLANG_WARN_EMPTY_BODY = YES;
				CLANG_WARN_ENUM_CONVERSION = YES;
				CLANG_WARN_INFINITE_RECURSION = YES;
				CLANG_WARN_INT_CONVERSION = YES;
				CLANG_WARN_NON_LITERAL_NULL_CONVERSION = YES;
				CLANG_WARN_OBJC_IMPLICIT_RETAIN_SELF = YES;
				CLANG_WARN_OBJC_LITERAL_CONVERSION = YES;
				CLANG_WARN_OBJC_ROOT_CLASS = YES_ERROR;
				CLANG_WARN_QUOTED_INCLUDE_IN_FRAMEWORK_HEADER = YES;
				CLANG_WARN_RANGE_LOOP_ANALYSIS = YES;
				CLANG_WARN_STRICT_PROTOTYPES = YES;
				CLANG_WARN_SUSPICIOUS_MOVE = YES;
				CLANG_WARN_UNGUARDED_AVAILABILITY = YES_AGGRESSIVE;
				CLANG_WARN_UNREACHABLE_CODE = YES;
				CLANG_WARN__DUPLICATE_METHOD_MATCH = YES;
				COPY_PHASE_STRIP = NO;
				DEBUG_INFORMATION_FORMAT = "dwarf-with-dsym";
				ENABLE_NS_ASSERTIONS = NO;
				ENABLE_STRICT_OBJC_MSGSEND = YES;
				GCC_C_LANGUAGE_STANDARD = gnu11;
				GCC_NO_COMMON_BLOCKS = YES;
				GCC_WARN_64_TO_32_BIT_CONVERSION = YES;
				GCC_WARN_ABOUT_RETURN_TYPE = YES_ERROR;
				GCC_WARN_UNDECLARED_SELECTOR = YES;
				GCC_WARN_UNINITIALIZED_AUTOS = YES_AGGRESSIVE;
				GCC_WARN_UNUSED_FUNCTION = YES;
				GCC_WARN_UNUSED_VARIABLE = YES;
				IPHONEOS_DEPLOYMENT_TARGET = 16.0;
				MTL_ENABLE_DEBUG_INFO = NO;
				MTL_FAST_MATH = YES;
				SDKROOT = iphoneos;
				SWIFT_COMPILATION_MODE = wholemodule;
				SWIFT_OPTIMIZATION_LEVEL = "-O";
				VALIDATE_PRODUCT = YES;
			};
			name = Release;
		};
		643FAA492A9CFA1900786562 /* Debug */ = {
			isa = XCBuildConfiguration;
			buildSettings = {
				ASSETCATALOG_COMPILER_APPICON_NAME = AppIcon;
				ASSETCATALOG_COMPILER_GLOBAL_ACCENT_COLOR_NAME = AccentColor;
				CODE_SIGN_STYLE = Automatic;
				CURRENT_PROJECT_VERSION = 1;
				DEVELOPMENT_ASSET_PATHS = "\"Whitebox/Utils/Preview Content\"";
				DEVELOPMENT_TEAM = 5W989PLUXN;
				ENABLE_PREVIEWS = YES;
				GENERATE_INFOPLIST_FILE = YES;
				INFOPLIST_KEY_CFBundleDisplayName = Crypto;
				INFOPLIST_KEY_LSApplicationCategoryType = "public.app-category.finance";
				INFOPLIST_KEY_UIApplicationSceneManifest_Generation = YES;
				INFOPLIST_KEY_UIApplicationSupportsIndirectInputEvents = YES;
				INFOPLIST_KEY_UILaunchScreen_Generation = YES;
				INFOPLIST_KEY_UISupportedInterfaceOrientations_iPad = "UIInterfaceOrientationPortrait UIInterfaceOrientationPortraitUpsideDown UIInterfaceOrientationLandscapeLeft UIInterfaceOrientationLandscapeRight";
				INFOPLIST_KEY_UISupportedInterfaceOrientations_iPhone = "UIInterfaceOrientationPortrait UIInterfaceOrientationLandscapeLeft UIInterfaceOrientationLandscapeRight";
				IPHONEOS_DEPLOYMENT_TARGET = 16.0;
				LD_RUNPATH_SEARCH_PATHS = (
					"$(inherited)",
					"@executable_path/Frameworks",
				);
				MARKETING_VERSION = 1.0;
				PRODUCT_BUNDLE_IDENTIFIER = com.tunde.ios.Whitebox;
				PRODUCT_NAME = "$(TARGET_NAME)";
				SWIFT_EMIT_LOC_STRINGS = YES;
				SWIFT_VERSION = 5.0;
				TARGETED_DEVICE_FAMILY = "1,2";
			};
			name = Debug;
		};
		643FAA4A2A9CFA1900786562 /* Release */ = {
			isa = XCBuildConfiguration;
			buildSettings = {
				ASSETCATALOG_COMPILER_APPICON_NAME = AppIcon;
				ASSETCATALOG_COMPILER_GLOBAL_ACCENT_COLOR_NAME = AccentColor;
				CODE_SIGN_STYLE = Automatic;
				CURRENT_PROJECT_VERSION = 1;
				DEVELOPMENT_ASSET_PATHS = "\"Whitebox/Utils/Preview Content\"";
				DEVELOPMENT_TEAM = 5W989PLUXN;
				ENABLE_PREVIEWS = YES;
				GENERATE_INFOPLIST_FILE = YES;
				INFOPLIST_KEY_CFBundleDisplayName = Crypto;
				INFOPLIST_KEY_LSApplicationCategoryType = "public.app-category.finance";
				INFOPLIST_KEY_UIApplicationSceneManifest_Generation = YES;
				INFOPLIST_KEY_UIApplicationSupportsIndirectInputEvents = YES;
				INFOPLIST_KEY_UILaunchScreen_Generation = YES;
				INFOPLIST_KEY_UISupportedInterfaceOrientations_iPad = "UIInterfaceOrientationPortrait UIInterfaceOrientationPortraitUpsideDown UIInterfaceOrientationLandscapeLeft UIInterfaceOrientationLandscapeRight";
				INFOPLIST_KEY_UISupportedInterfaceOrientations_iPhone = "UIInterfaceOrientationPortrait UIInterfaceOrientationLandscapeLeft UIInterfaceOrientationLandscapeRight";
				IPHONEOS_DEPLOYMENT_TARGET = 16.0;
				LD_RUNPATH_SEARCH_PATHS = (
					"$(inherited)",
					"@executable_path/Frameworks",
				);
				MARKETING_VERSION = 1.0;
				PRODUCT_BUNDLE_IDENTIFIER = com.tunde.ios.Whitebox;
				PRODUCT_NAME = "$(TARGET_NAME)";
				SWIFT_EMIT_LOC_STRINGS = YES;
				SWIFT_VERSION = 5.0;
				TARGETED_DEVICE_FAMILY = "1,2";
			};
			name = Release;
		};
		643FAA4C2A9CFA1900786562 /* Debug */ = {
			isa = XCBuildConfiguration;
			buildSettings = {
				ALWAYS_EMBED_SWIFT_STANDARD_LIBRARIES = YES;
				BUNDLE_LOADER = "$(TEST_HOST)";
				CODE_SIGN_STYLE = Automatic;
				CURRENT_PROJECT_VERSION = 1;
				DEVELOPMENT_TEAM = 5W989PLUXN;
				GENERATE_INFOPLIST_FILE = YES;
				IPHONEOS_DEPLOYMENT_TARGET = 16.2;
				MARKETING_VERSION = 1.0;
				PRODUCT_BUNDLE_IDENTIFIER = com.tunde.ios.WhiteboxTests;
				PRODUCT_NAME = "$(TARGET_NAME)";
				SWIFT_EMIT_LOC_STRINGS = NO;
				SWIFT_VERSION = 5.0;
				TARGETED_DEVICE_FAMILY = "1,2";
				TEST_HOST = "$(BUILT_PRODUCTS_DIR)/Whitebox.app/$(BUNDLE_EXECUTABLE_FOLDER_PATH)/Whitebox";
			};
			name = Debug;
		};
		643FAA4D2A9CFA1900786562 /* Release */ = {
			isa = XCBuildConfiguration;
			buildSettings = {
				ALWAYS_EMBED_SWIFT_STANDARD_LIBRARIES = YES;
				BUNDLE_LOADER = "$(TEST_HOST)";
				CODE_SIGN_STYLE = Automatic;
				CURRENT_PROJECT_VERSION = 1;
				DEVELOPMENT_TEAM = 5W989PLUXN;
				GENERATE_INFOPLIST_FILE = YES;
				IPHONEOS_DEPLOYMENT_TARGET = 16.2;
				MARKETING_VERSION = 1.0;
				PRODUCT_BUNDLE_IDENTIFIER = com.tunde.ios.WhiteboxTests;
				PRODUCT_NAME = "$(TARGET_NAME)";
				SWIFT_EMIT_LOC_STRINGS = NO;
				SWIFT_VERSION = 5.0;
				TARGETED_DEVICE_FAMILY = "1,2";
				TEST_HOST = "$(BUILT_PRODUCTS_DIR)/Whitebox.app/$(BUNDLE_EXECUTABLE_FOLDER_PATH)/Whitebox";
			};
			name = Release;
		};
		643FAA4F2A9CFA1900786562 /* Debug */ = {
			isa = XCBuildConfiguration;
			buildSettings = {
				ALWAYS_EMBED_SWIFT_STANDARD_LIBRARIES = YES;
				CODE_SIGN_STYLE = Automatic;
				CURRENT_PROJECT_VERSION = 1;
				DEVELOPMENT_TEAM = 5W989PLUXN;
				GENERATE_INFOPLIST_FILE = YES;
				MARKETING_VERSION = 1.0;
				PRODUCT_BUNDLE_IDENTIFIER = com.tunde.ios.WhiteboxUITests;
				PRODUCT_NAME = "$(TARGET_NAME)";
				SWIFT_EMIT_LOC_STRINGS = NO;
				SWIFT_VERSION = 5.0;
				TARGETED_DEVICE_FAMILY = "1,2";
				TEST_TARGET_NAME = Whitebox;
			};
			name = Debug;
		};
		643FAA502A9CFA1900786562 /* Release */ = {
			isa = XCBuildConfiguration;
			buildSettings = {
				ALWAYS_EMBED_SWIFT_STANDARD_LIBRARIES = YES;
				CODE_SIGN_STYLE = Automatic;
				CURRENT_PROJECT_VERSION = 1;
				DEVELOPMENT_TEAM = 5W989PLUXN;
				GENERATE_INFOPLIST_FILE = YES;
				MARKETING_VERSION = 1.0;
				PRODUCT_BUNDLE_IDENTIFIER = com.tunde.ios.WhiteboxUITests;
				PRODUCT_NAME = "$(TARGET_NAME)";
				SWIFT_EMIT_LOC_STRINGS = NO;
				SWIFT_VERSION = 5.0;
				TARGETED_DEVICE_FAMILY = "1,2";
				TEST_TARGET_NAME = Whitebox;
			};
			name = Release;
		};
/* End XCBuildConfiguration section */

/* Begin XCConfigurationList section */
		643FAA1A2A9CFA1500786562 /* Build configuration list for PBXProject "Whitebox" */ = {
			isa = XCConfigurationList;
			buildConfigurations = (
				643FAA462A9CFA1900786562 /* Debug */,
				643FAA472A9CFA1900786562 /* Release */,
			);
			defaultConfigurationIsVisible = 0;
			defaultConfigurationName = Release;
		};
		643FAA482A9CFA1900786562 /* Build configuration list for PBXNativeTarget "Whitebox" */ = {
			isa = XCConfigurationList;
			buildConfigurations = (
				643FAA492A9CFA1900786562 /* Debug */,
				643FAA4A2A9CFA1900786562 /* Release */,
			);
			defaultConfigurationIsVisible = 0;
			defaultConfigurationName = Release;
		};
		643FAA4B2A9CFA1900786562 /* Build configuration list for PBXNativeTarget "WhiteboxTests" */ = {
			isa = XCConfigurationList;
			buildConfigurations = (
				643FAA4C2A9CFA1900786562 /* Debug */,
				643FAA4D2A9CFA1900786562 /* Release */,
			);
			defaultConfigurationIsVisible = 0;
			defaultConfigurationName = Release;
		};
		643FAA4E2A9CFA1900786562 /* Build configuration list for PBXNativeTarget "WhiteboxUITests" */ = {
			isa = XCConfigurationList;
			buildConfigurations = (
				643FAA4F2A9CFA1900786562 /* Debug */,
				643FAA502A9CFA1900786562 /* Release */,
			);
			defaultConfigurationIsVisible = 0;
			defaultConfigurationName = Release;
		};
/* End XCConfigurationList section */

/* Begin XCRemoteSwiftPackageReference section */
		64EFAEA12AA0CFBE007A23B7 /* XCRemoteSwiftPackageReference "Nuke" */ = {
			isa = XCRemoteSwiftPackageReference;
			repositoryURL = "https://github.com/kean/Nuke.git";
			requirement = {
				kind = upToNextMajorVersion;
				minimumVersion = 12.1.6;
			};
		};
/* End XCRemoteSwiftPackageReference section */

/* Begin XCSwiftPackageProductDependency section */
		64EFAEA22AA0CFBE007A23B7 /* NukeUI */ = {
			isa = XCSwiftPackageProductDependency;
			package = 64EFAEA12AA0CFBE007A23B7 /* XCRemoteSwiftPackageReference "Nuke" */;
			productName = NukeUI;
		};
/* End XCSwiftPackageProductDependency section */

/* Begin XCVersionGroup section */
		643FAA2D2A9CFA1900786562 /* Whitebox.xcdatamodeld */ = {
			isa = XCVersionGroup;
			children = (
				643FAA2E2A9CFA1900786562 /* Whitebox.xcdatamodel */,
			);
			currentVersion = 643FAA2E2A9CFA1900786562 /* Whitebox.xcdatamodel */;
			path = Whitebox.xcdatamodeld;
			sourceTree = "<group>";
			versionGroupType = wrapper.xcdatamodel;
		};
/* End XCVersionGroup section */
	};
	rootObject = 643FAA172A9CFA1500786562 /* Project object */;
}
